PODS:
  - Bolts/Tasks (1.8.4)
  - Fusuma (1.0.0)
  - NextLevel (0.0.4)
  - Parse (1.14.2):
    - Bolts/Tasks (~> 1.8)
  - PBJVision (0.5.0)

DEPENDENCIES:
  - Fusuma
  - NextLevel
  - Parse
  - PBJVision

SPEC CHECKSUMS:
  Bolts: 8a7995239dbe724f9cba2248b766d48b7ebdd322
  Fusuma: c95c1c999c765f5dc907670be569157372ff33c4
  NextLevel: 77c319abc91c58fc638aed6535a79f96489736cf
  Parse: 4335d65f40cb3d43190d723144bbe1afb9c38230
  PBJVision: 368c58b708c89c3c443e5801a08068a316ee50ea

PODFILE CHECKSUM: afa92a30fed7d539608ea4b7a331bad4374cac07

COCOAPODS: 1.0.1
