// !$*UTF8*$!
{
	archiveVersion = 1;
	classes = {
	};
	objectVersion = 46;
	objects = {

/* Begin PBXBuildFile section */
		8B1EDF421DD57DE1000E13D4 /* .gitattributes in Resources */ = {isa = PBXBuildFile; fileRef = 8B1EDF411DD57DE1000E13D4 /* .gitattributes */; };
		8B2B13D51DD117F200961683 /* AppDelegate.swift in Sources */ = {isa = PBXBuildFile; fileRef = 8B2B13D41DD117F200961683 /* AppDelegate.swift */; };
		8B2B13D71DD117F200961683 /* ViewController.swift in Sources */ = {isa = PBXBuildFile; fileRef = 8B2B13D61DD117F200961683 /* ViewController.swift */; };
		8B2B13DA1DD117F200961683 /* Main.storyboard in Resources */ = {isa = PBXBuildFile; fileRef = 8B2B13D81DD117F200961683 /* Main.storyboard */; };
		8B2B13DD1DD117F200961683 /* xHere.xcdatamodeld in Sources */ = {isa = PBXBuildFile; fileRef = 8B2B13DB1DD117F200961683 /* xHere.xcdatamodeld */; };
		8B2B13DF1DD117F200961683 /* Assets.xcassets in Resources */ = {isa = PBXBuildFile; fileRef = 8B2B13DE1DD117F200961683 /* Assets.xcassets */; };
		8B2B13E21DD117F200961683 /* LaunchScreen.storyboard in Resources */ = {isa = PBXBuildFile; fileRef = 8B2B13E01DD117F200961683 /* LaunchScreen.storyboard */; };
		8B2B13ED1DD117F300961683 /* xHereTests.swift in Sources */ = {isa = PBXBuildFile; fileRef = 8B2B13EC1DD117F300961683 /* xHereTests.swift */; };
		8B2B13F81DD117F300961683 /* xHereUITests.swift in Sources */ = {isa = PBXBuildFile; fileRef = 8B2B13F71DD117F300961683 /* xHereUITests.swift */; };
/* End PBXBuildFile section */

/* Begin PBXContainerItemProxy section */
		8B2B13E91DD117F300961683 /* PBXContainerItemProxy */ = {
			isa = PBXContainerItemProxy;
			containerPortal = 8B2B13C91DD117F200961683 /* Project object */;
			proxyType = 1;
			remoteGlobalIDString = 8B2B13D01DD117F200961683;
			remoteInfo = xHere;
		};
		8B2B13F41DD117F300961683 /* PBXContainerItemProxy */ = {
			isa = PBXContainerItemProxy;
			containerPortal = 8B2B13C91DD117F200961683 /* Project object */;
			proxyType = 1;
			remoteGlobalIDString = 8B2B13D01DD117F200961683;
			remoteInfo = xHere;
		};
/* End PBXContainerItemProxy section */

/* Begin PBXFileReference section */
		8B1EDF411DD57DE1000E13D4 /* .gitattributes */ = {isa = PBXFileReference; fileEncoding = 4; lastKnownFileType = text; path = .gitattributes; sourceTree = "<group>"; };
		8B2B13D11DD117F200961683 /* xHere.app */ = {isa = PBXFileReference; explicitFileType = wrapper.application; includeInIndex = 0; path = xHere.app; sourceTree = BUILT_PRODUCTS_DIR; };
		8B2B13D41DD117F200961683 /* AppDelegate.swift */ = {isa = PBXFileReference; lastKnownFileType = sourcecode.swift; path = AppDelegate.swift; sourceTree = "<group>"; };
		8B2B13D61DD117F200961683 /* ViewController.swift */ = {isa = PBXFileReference; lastKnownFileType = sourcecode.swift; path = ViewController.swift; sourceTree = "<group>"; };
		8B2B13D91DD117F200961683 /* Base */ = {isa = PBXFileReference; lastKnownFileType = file.storyboard; name = Base; path = Base.lproj/Main.storyboard; sourceTree = "<group>"; };
		8B2B13DC1DD117F200961683 /* xHere.xcdatamodel */ = {isa = PBXFileReference; lastKnownFileType = wrapper.xcdatamodel; path = xHere.xcdatamodel; sourceTree = "<group>"; };
		8B2B13DE1DD117F200961683 /* Assets.xcassets */ = {isa = PBXFileReference; lastKnownFileType = folder.assetcatalog; path = Assets.xcassets; sourceTree = "<group>"; };
		8B2B13E11DD117F200961683 /* Base */ = {isa = PBXFileReference; lastKnownFileType = file.storyboard; name = Base; path = Base.lproj/LaunchScreen.storyboard; sourceTree = "<group>"; };
		8B2B13E31DD117F200961683 /* Info.plist */ = {isa = PBXFileReference; lastKnownFileType = text.plist.xml; path = Info.plist; sourceTree = "<group>"; };
		8B2B13E81DD117F300961683 /* xHereTests.xctest */ = {isa = PBXFileReference; explicitFileType = wrapper.cfbundle; includeInIndex = 0; path = xHereTests.xctest; sourceTree = BUILT_PRODUCTS_DIR; };
		8B2B13EC1DD117F300961683 /* xHereTests.swift */ = {isa = PBXFileReference; lastKnownFileType = sourcecode.swift; path = xHereTests.swift; sourceTree = "<group>"; };
		8B2B13EE1DD117F300961683 /* Info.plist */ = {isa = PBXFileReference; lastKnownFileType = text.plist.xml; path = Info.plist; sourceTree = "<group>"; };
		8B2B13F31DD117F300961683 /* xHereUITests.xctest */ = {isa = PBXFileReference; explicitFileType = wrapper.cfbundle; includeInIndex = 0; path = xHereUITests.xctest; sourceTree = BUILT_PRODUCTS_DIR; };
		8B2B13F71DD117F300961683 /* xHereUITests.swift */ = {isa = PBXFileReference; lastKnownFileType = sourcecode.swift; path = xHereUITests.swift; sourceTree = "<group>"; };
		8B2B13F91DD117F300961683 /* Info.plist */ = {isa = PBXFileReference; lastKnownFileType = text.plist.xml; path = Info.plist; sourceTree = "<group>"; };
/* End PBXFileReference section */

/* Begin PBXFrameworksBuildPhase section */
		8B2B13CE1DD117F200961683 /* Frameworks */ = {
			isa = PBXFrameworksBuildPhase;
			buildActionMask = 2147483647;
			files = (
			);
			runOnlyForDeploymentPostprocessing = 0;
		};
		8B2B13E51DD117F300961683 /* Frameworks */ = {
			isa = PBXFrameworksBuildPhase;
			buildActionMask = 2147483647;
			files = (
			);
			runOnlyForDeploymentPostprocessing = 0;
		};
		8B2B13F01DD117F300961683 /* Frameworks */ = {
			isa = PBXFrameworksBuildPhase;
			buildActionMask = 2147483647;
			files = (
			);
			runOnlyForDeploymentPostprocessing = 0;
		};
/* End PBXFrameworksBuildPhase section */

/* Begin PBXGroup section */
		8B2B13C81DD117F200961683 = {
			isa = PBXGroup;
			children = (
				8B1EDF411DD57DE1000E13D4 /* .gitattributes */,
				8B2B13D31DD117F200961683 /* xHere */,
				8B2B13EB1DD117F300961683 /* xHereTests */,
				8B2B13F61DD117F300961683 /* xHereUITests */,
				8B2B13D21DD117F200961683 /* Products */,
			);
			sourceTree = "<group>";
		};
		8B2B13D21DD117F200961683 /* Products */ = {
			isa = PBXGroup;
			children = (
				8B2B13D11DD117F200961683 /* xHere.app */,
				8B2B13E81DD117F300961683 /* xHereTests.xctest */,
				8B2B13F31DD117F300961683 /* xHereUITests.xctest */,
			);
			name = Products;
			sourceTree = "<group>";
		};
		8B2B13D31DD117F200961683 /* xHere */ = {
			isa = PBXGroup;
			children = (
				8B2B13D41DD117F200961683 /* AppDelegate.swift */,
				8B2B13D61DD117F200961683 /* ViewController.swift */,
				8B2B13D81DD117F200961683 /* Main.storyboard */,
				8B2B13DE1DD117F200961683 /* Assets.xcassets */,
				8B2B13E01DD117F200961683 /* LaunchScreen.storyboard */,
				8B2B13E31DD117F200961683 /* Info.plist */,
				8B2B13DB1DD117F200961683 /* xHere.xcdatamodeld */,
			);
			path = xHere;
			sourceTree = "<group>";
		};
		8B2B13EB1DD117F300961683 /* xHereTests */ = {
			isa = PBXGroup;
			children = (
				8B2B13EC1DD117F300961683 /* xHereTests.swift */,
				8B2B13EE1DD117F300961683 /* Info.plist */,
			);
			path = xHereTests;
			sourceTree = "<group>";
		};
		8B2B13F61DD117F300961683 /* xHereUITests */ = {
			isa = PBXGroup;
			children = (
				8B2B13F71DD117F300961683 /* xHereUITests.swift */,
				8B2B13F91DD117F300961683 /* Info.plist */,
			);
			path = xHereUITests;
			sourceTree = "<group>";
		};
/* End PBXGroup section */

/* Begin PBXNativeTarget section */
		8B2B13D01DD117F200961683 /* xHere */ = {
			isa = PBXNativeTarget;
			buildConfigurationList = 8B2B13FC1DD117F300961683 /* Build configuration list for PBXNativeTarget "xHere" */;
			buildPhases = (
				8B2B13CD1DD117F200961683 /* Sources */,
				8B2B13CE1DD117F200961683 /* Frameworks */,
				8B2B13CF1DD117F200961683 /* Resources */,
			);
			buildRules = (
			);
			dependencies = (
			);
			name = xHere;
			productName = xHere;
			productReference = 8B2B13D11DD117F200961683 /* xHere.app */;
			productType = "com.apple.product-type.application";
		};
		8B2B13E71DD117F300961683 /* xHereTests */ = {
			isa = PBXNativeTarget;
			buildConfigurationList = 8B2B13FF1DD117F300961683 /* Build configuration list for PBXNativeTarget "xHereTests" */;
			buildPhases = (
				8B2B13E41DD117F300961683 /* Sources */,
				8B2B13E51DD117F300961683 /* Frameworks */,
				8B2B13E61DD117F300961683 /* Resources */,
			);
			buildRules = (
			);
			dependencies = (
				8B2B13EA1DD117F300961683 /* PBXTargetDependency */,
			);
			name = xHereTests;
			productName = xHereTests;
			productReference = 8B2B13E81DD117F300961683 /* xHereTests.xctest */;
			productType = "com.apple.product-type.bundle.unit-test";
		};
		8B2B13F21DD117F300961683 /* xHereUITests */ = {
			isa = PBXNativeTarget;
			buildConfigurationList = 8B2B14021DD117F300961683 /* Build configuration list for PBXNativeTarget "xHereUITests" */;
			buildPhases = (
				8B2B13EF1DD117F300961683 /* Sources */,
				8B2B13F01DD117F300961683 /* Frameworks */,
				8B2B13F11DD117F300961683 /* Resources */,
			);
			buildRules = (
			);
			dependencies = (
				8B2B13F51DD117F300961683 /* PBXTargetDependency */,
			);
			name = xHereUITests;
			productName = xHereUITests;
			productReference = 8B2B13F31DD117F300961683 /* xHereUITests.xctest */;
			productType = "com.apple.product-type.bundle.ui-testing";
		};
/* End PBXNativeTarget section */

/* Begin PBXProject section */
		8B2B13C91DD117F200961683 /* Project object */ = {
			isa = PBXProject;
			attributes = {
				LastSwiftUpdateCheck = 0810;
				LastUpgradeCheck = 0810;
				ORGANIZATIONNAME = Developer;
				TargetAttributes = {
					8B2B13D01DD117F200961683 = {
						CreatedOnToolsVersion = 8.1;
						DevelopmentTeam = SDHBMW8ZGY;
						ProvisioningStyle = Automatic;
					};
					8B2B13E71DD117F300961683 = {
						CreatedOnToolsVersion = 8.1;
						DevelopmentTeam = SDHBMW8ZGY;
						ProvisioningStyle = Automatic;
						TestTargetID = 8B2B13D01DD117F200961683;
					};
					8B2B13F21DD117F300961683 = {
						CreatedOnToolsVersion = 8.1;
						DevelopmentTeam = SDHBMW8ZGY;
						ProvisioningStyle = Automatic;
						TestTargetID = 8B2B13D01DD117F200961683;
					};
				};
			};
			buildConfigurationList = 8B2B13CC1DD117F200961683 /* Build configuration list for PBXProject "xHere" */;
			compatibilityVersion = "Xcode 3.2";
			developmentRegion = English;
			hasScannedForEncodings = 0;
			knownRegions = (
				en,
				Base,
			);
			mainGroup = 8B2B13C81DD117F200961683;
			productRefGroup = 8B2B13D21DD117F200961683 /* Products */;
			projectDirPath = "";
			projectRoot = "";
			targets = (
				8B2B13D01DD117F200961683 /* xHere */,
				8B2B13E71DD117F300961683 /* xHereTests */,
				8B2B13F21DD117F300961683 /* xHereUITests */,
			);
		};
/* End PBXProject section */

/* Begin PBXResourcesBuildPhase section */
		8B2B13CF1DD117F200961683 /* Resources */ = {
			isa = PBXResourcesBuildPhase;
			buildActionMask = 2147483647;
			files = (
				8B2B13E21DD117F200961683 /* LaunchScreen.storyboard in Resources */,
				8B2B13DF1DD117F200961683 /* Assets.xcassets in Resources */,
				8B2B13DA1DD117F200961683 /* Main.storyboard in Resources */,
				8B1EDF421DD57DE1000E13D4 /* .gitattributes in Resources */,
			);
			runOnlyForDeploymentPostprocessing = 0;
		};
		8B2B13E61DD117F300961683 /* Resources */ = {
			isa = PBXResourcesBuildPhase;
			buildActionMask = 2147483647;
			files = (
			);
			runOnlyForDeploymentPostprocessing = 0;
		};
		8B2B13F11DD117F300961683 /* Resources */ = {
			isa = PBXResourcesBuildPhase;
			buildActionMask = 2147483647;
			files = (
			);
			runOnlyForDeploymentPostprocessing = 0;
		};
/* End PBXResourcesBuildPhase section */

/* Begin PBXSourcesBuildPhase section */
		8B2B13CD1DD117F200961683 /* Sources */ = {
			isa = PBXSourcesBuildPhase;
			buildActionMask = 2147483647;
			files = (
				8B2B13DD1DD117F200961683 /* xHere.xcdatamodeld in Sources */,
				8B2B13D71DD117F200961683 /* ViewController.swift in Sources */,
				8B2B13D51DD117F200961683 /* AppDelegate.swift in Sources */,
			);
			runOnlyForDeploymentPostprocessing = 0;
		};
		8B2B13E41DD117F300961683 /* Sources */ = {
			isa = PBXSourcesBuildPhase;
			buildActionMask = 2147483647;
			files = (
				8B2B13ED1DD117F300961683 /* xHereTests.swift in Sources */,
			);
			runOnlyForDeploymentPostprocessing = 0;
		};
		8B2B13EF1DD117F300961683 /* Sources */ = {
			isa = PBXSourcesBuildPhase;
			buildActionMask = 2147483647;
			files = (
				8B2B13F81DD117F300961683 /* xHereUITests.swift in Sources */,
			);
			runOnlyForDeploymentPostprocessing = 0;
		};
/* End PBXSourcesBuildPhase section */

/* Begin PBXTargetDependency section */
		8B2B13EA1DD117F300961683 /* PBXTargetDependency */ = {
			isa = PBXTargetDependency;
			target = 8B2B13D01DD117F200961683 /* xHere */;
			targetProxy = 8B2B13E91DD117F300961683 /* PBXContainerItemProxy */;
		};
		8B2B13F51DD117F300961683 /* PBXTargetDependency */ = {
			isa = PBXTargetDependency;
			target = 8B2B13D01DD117F200961683 /* xHere */;
			targetProxy = 8B2B13F41DD117F300961683 /* PBXContainerItemProxy */;
		};
/* End PBXTargetDependency section */

/* Begin PBXVariantGroup section */
		8B2B13D81DD117F200961683 /* Main.storyboard */ = {
			isa = PBXVariantGroup;
			children = (
				8B2B13D91DD117F200961683 /* Base */,
			);
			name = Main.storyboard;
			sourceTree = "<group>";
		};
		8B2B13E01DD117F200961683 /* LaunchScreen.storyboard */ = {
			isa = PBXVariantGroup;
			children = (
				8B2B13E11DD117F200961683 /* Base */,
			);
			name = LaunchScreen.storyboard;
			sourceTree = "<group>";
		};
/* End PBXVariantGroup section */

/* Begin XCBuildConfiguration section */
		8B2B13FA1DD117F300961683 /* Debug */ = {
			isa = XCBuildConfiguration;
			buildSettings = {
				ALWAYS_SEARCH_USER_PATHS = NO;
				CLANG_ANALYZER_NONNULL = YES;
				CLANG_CXX_LANGUAGE_STANDARD = "gnu++0x";
				CLANG_CXX_LIBRARY = "libc++";
				CLANG_ENABLE_MODULES = YES;
				CLANG_ENABLE_OBJC_ARC = YES;
				CLANG_WARN_BOOL_CONVERSION = YES;
				CLANG_WARN_CONSTANT_CONVERSION = YES;
				CLANG_WARN_DIRECT_OBJC_ISA_USAGE = YES_ERROR;
				CLANG_WARN_DOCUMENTATION_COMMENTS = YES;
				CLANG_WARN_EMPTY_BODY = YES;
				CLANG_WARN_ENUM_CONVERSION = YES;
				CLANG_WARN_INFINITE_RECURSION = YES;
				CLANG_WARN_INT_CONVERSION = YES;
				CLANG_WARN_OBJC_ROOT_CLASS = YES_ERROR;
				CLANG_WARN_SUSPICIOUS_MOVES = YES;
				CLANG_WARN_UNREACHABLE_CODE = YES;
				CLANG_WARN__DUPLICATE_METHOD_MATCH = YES;
				"CODE_SIGN_IDENTITY[sdk=iphoneos*]" = "iPhone Developer";
				COPY_PHASE_STRIP = NO;
				DEBUG_INFORMATION_FORMAT = dwarf;
				ENABLE_STRICT_OBJC_MSGSEND = YES;
				ENABLE_TESTABILITY = YES;
				GCC_C_LANGUAGE_STANDARD = gnu99;
				GCC_DYNAMIC_NO_PIC = NO;
				GCC_NO_COMMON_BLOCKS = YES;
				GCC_OPTIMIZATION_LEVEL = 0;
				GCC_PREPROCESSOR_DEFINITIONS = (
					"DEBUG=1",
					"$(inherited)",
				);
				GCC_WARN_64_TO_32_BIT_CONVERSION = YES;
				GCC_WARN_ABOUT_RETURN_TYPE = YES_ERROR;
				GCC_WARN_UNDECLARED_SELECTOR = YES;
				GCC_WARN_UNINITIALIZED_AUTOS = YES_AGGRESSIVE;
				GCC_WARN_UNUSED_FUNCTION = YES;
				GCC_WARN_UNUSED_VARIABLE = YES;
				IPHONEOS_DEPLOYMENT_TARGET = 10.1;
				MTL_ENABLE_DEBUG_INFO = YES;
				ONLY_ACTIVE_ARCH = YES;
				SDKROOT = iphoneos;
				SWIFT_ACTIVE_COMPILATION_CONDITIONS = DEBUG;
				SWIFT_OPTIMIZATION_LEVEL = "-Onone";
				TARGETED_DEVICE_FAMILY = "1,2";
			};
			name = Debug;
		};
		8B2B13FB1DD117F300961683 /* Release */ = {
			isa = XCBuildConfiguration;
			buildSettings = {
				ALWAYS_SEARCH_USER_PATHS = NO;
				CLANG_ANALYZER_NONNULL = YES;
				CLANG_CXX_LANGUAGE_STANDARD = "gnu++0x";
				CLANG_CXX_LIBRARY = "libc++";
				CLANG_ENABLE_MODULES = YES;
				CLANG_ENABLE_OBJC_ARC = YES;
				CLANG_WARN_BOOL_CONVERSION = YES;
				CLANG_WARN_CONSTANT_CONVERSION = YES;
				CLANG_WARN_DIRECT_OBJC_ISA_USAGE = YES_ERROR;
				CLANG_WARN_DOCUMENTATION_COMMENTS = YES;
				CLANG_WARN_EMPTY_BODY = YES;
				CLANG_WARN_ENUM_CONVERSION = YES;
				CLANG_WARN_INFINITE_RECURSION = YES;
				CLANG_WARN_INT_CONVERSION = YES;
				CLANG_WARN_OBJC_ROOT_CLASS = YES_ERROR;
				CLANG_WARN_SUSPICIOUS_MOVES = YES;
				CLANG_WARN_UNREACHABLE_CODE = YES;
				CLANG_WARN__DUPLICATE_METHOD_MATCH = YES;
				"CODE_SIGN_IDENTITY[sdk=iphoneos*]" = "iPhone Developer";
				COPY_PHASE_STRIP = NO;
				DEBUG_INFORMATION_FORMAT = "dwarf-with-dsym";
				ENABLE_NS_ASSERTIONS = NO;
				ENABLE_STRICT_OBJC_MSGSEND = YES;
				GCC_C_LANGUAGE_STANDARD = gnu99;
				GCC_NO_COMMON_BLOCKS = YES;
				GCC_WARN_64_TO_32_BIT_CONVERSION = YES;
				GCC_WARN_ABOUT_RETURN_TYPE = YES_ERROR;
				GCC_WARN_UNDECLARED_SELECTOR = YES;
				GCC_WARN_UNINITIALIZED_AUTOS = YES_AGGRESSIVE;
				GCC_WARN_UNUSED_FUNCTION = YES;
				GCC_WARN_UNUSED_VARIABLE = YES;
				IPHONEOS_DEPLOYMENT_TARGET = 10.1;
				MTL_ENABLE_DEBUG_INFO = NO;
				SDKROOT = iphoneos;
				SWIFT_OPTIMIZATION_LEVEL = "-Owholemodule";
				TARGETED_DEVICE_FAMILY = "1,2";
				VALIDATE_PRODUCT = YES;
			};
			name = Release;
		};
		8B2B13FD1DD117F300961683 /* Debug */ = {
			isa = XCBuildConfiguration;
			buildSettings = {
				ASSETCATALOG_COMPILER_APPICON_NAME = AppIcon;
				DEVELOPMENT_TEAM = SDHBMW8ZGY;
				INFOPLIST_FILE = xHere/Info.plist;
				LD_RUNPATH_SEARCH_PATHS = "$(inherited) @executable_path/Frameworks";
				PRODUCT_BUNDLE_IDENTIFIER = today.detour.xHere;
				PRODUCT_NAME = "$(TARGET_NAME)";
				SWIFT_VERSION = 3.0;
			};
			name = Debug;
		};
		8B2B13FE1DD117F300961683 /* Release */ = {
			isa = XCBuildConfiguration;
			buildSettings = {
				ASSETCATALOG_COMPILER_APPICON_NAME = AppIcon;
				DEVELOPMENT_TEAM = SDHBMW8ZGY;
				INFOPLIST_FILE = xHere/Info.plist;
				LD_RUNPATH_SEARCH_PATHS = "$(inherited) @executable_path/Frameworks";
				PRODUCT_BUNDLE_IDENTIFIER = today.detour.xHere;
				PRODUCT_NAME = "$(TARGET_NAME)";
				SWIFT_VERSION = 3.0;
			};
			name = Release;
		};
		8B2B14001DD117F300961683 /* Debug */ = {
			isa = XCBuildConfiguration;
			buildSettings = {
				ALWAYS_EMBED_SWIFT_STANDARD_LIBRARIES = YES;
				BUNDLE_LOADER = "$(TEST_HOST)";
				DEVELOPMENT_TEAM = SDHBMW8ZGY;
				INFOPLIST_FILE = xHereTests/Info.plist;
				LD_RUNPATH_SEARCH_PATHS = "$(inherited) @executable_path/Frameworks @loader_path/Frameworks";
				PRODUCT_BUNDLE_IDENTIFIER = today.detour.xHereTests;
				PRODUCT_NAME = "$(TARGET_NAME)";
				SWIFT_VERSION = 3.0;
				TEST_HOST = "$(BUILT_PRODUCTS_DIR)/xHere.app/xHere";
			};
			name = Debug;
		};
		8B2B14011DD117F300961683 /* Release */ = {
			isa = XCBuildConfiguration;
			buildSettings = {
				ALWAYS_EMBED_SWIFT_STANDARD_LIBRARIES = YES;
				BUNDLE_LOADER = "$(TEST_HOST)";
				DEVELOPMENT_TEAM = SDHBMW8ZGY;
				INFOPLIST_FILE = xHereTests/Info.plist;
				LD_RUNPATH_SEARCH_PATHS = "$(inherited) @executable_path/Frameworks @loader_path/Frameworks";
				PRODUCT_BUNDLE_IDENTIFIER = today.detour.xHereTests;
				PRODUCT_NAME = "$(TARGET_NAME)";
				SWIFT_VERSION = 3.0;
				TEST_HOST = "$(BUILT_PRODUCTS_DIR)/xHere.app/xHere";
			};
			name = Release;
		};
		8B2B14031DD117F300961683 /* Debug */ = {
			isa = XCBuildConfiguration;
			buildSettings = {
				ALWAYS_EMBED_SWIFT_STANDARD_LIBRARIES = YES;
				DEVELOPMENT_TEAM = SDHBMW8ZGY;
				INFOPLIST_FILE = xHereUITests/Info.plist;
				LD_RUNPATH_SEARCH_PATHS = "$(inherited) @executable_path/Frameworks @loader_path/Frameworks";
				PRODUCT_BUNDLE_IDENTIFIER = today.detour.xHereUITests;
				PRODUCT_NAME = "$(TARGET_NAME)";
				SWIFT_VERSION = 3.0;
				TEST_TARGET_NAME = xHere;
			};
			name = Debug;
		};
		8B2B14041DD117F300961683 /* Release */ = {
			isa = XCBuildConfiguration;
			buildSettings = {
				ALWAYS_EMBED_SWIFT_STANDARD_LIBRARIES = YES;
				DEVELOPMENT_TEAM = SDHBMW8ZGY;
				INFOPLIST_FILE = xHereUITests/Info.plist;
				LD_RUNPATH_SEARCH_PATHS = "$(inherited) @executable_path/Frameworks @loader_path/Frameworks";
				PRODUCT_BUNDLE_IDENTIFIER = today.detour.xHereUITests;
				PRODUCT_NAME = "$(TARGET_NAME)";
				SWIFT_VERSION = 3.0;
				TEST_TARGET_NAME = xHere;
			};
			name = Release;
		};
/* End XCBuildConfiguration section */

/* Begin XCConfigurationList section */
		8B2B13CC1DD117F200961683 /* Build configuration list for PBXProject "xHere" */ = {
			isa = XCConfigurationList;
			buildConfigurations = (
				8B2B13FA1DD117F300961683 /* Debug */,
				8B2B13FB1DD117F300961683 /* Release */,
			);
			defaultConfigurationIsVisible = 0;
			defaultConfigurationName = Release;
		};
		8B2B13FC1DD117F300961683 /* Build configuration list for PBXNativeTarget "xHere" */ = {
			isa = XCConfigurationList;
			buildConfigurations = (
				8B2B13FD1DD117F300961683 /* Debug */,
				8B2B13FE1DD117F300961683 /* Release */,
			);
			defaultConfigurationIsVisible = 0;
			defaultConfigurationName = Release;
		};
		8B2B13FF1DD117F300961683 /* Build configuration list for PBXNativeTarget "xHereTests" */ = {
			isa = XCConfigurationList;
			buildConfigurations = (
				8B2B14001DD117F300961683 /* Debug */,
				8B2B14011DD117F300961683 /* Release */,
			);
			defaultConfigurationIsVisible = 0;
			defaultConfigurationName = Release;
		};
		8B2B14021DD117F300961683 /* Build configuration list for PBXNativeTarget "xHereUITests" */ = {
			isa = XCConfigurationList;
			buildConfigurations = (
				8B2B14031DD117F300961683 /* Debug */,
				8B2B14041DD117F300961683 /* Release */,
			);
			defaultConfigurationIsVisible = 0;
			defaultConfigurationName = Release;
		};
/* End XCConfigurationList section */

/* Begin XCVersionGroup section */
		8B2B13DB1DD117F200961683 /* xHere.xcdatamodeld */ = {
			isa = XCVersionGroup;
			children = (
				8B2B13DC1DD117F200961683 /* xHere.xcdatamodel */,
			);
			currentVersion = 8B2B13DC1DD117F200961683 /* xHere.xcdatamodel */;
			path = xHere.xcdatamodeld;
			sourceTree = "<group>";
			versionGroupType = wrapper.xcdatamodel;
		};
/* End XCVersionGroup section */
	};
	rootObject = 8B2B13C91DD117F200961683 /* Project object */;
}
